{
  "name": "@sifive/coreplex-templates",
  "version": "0.0.2",
  "lockfileVersion": 1,
  "requires": true,
  "dependencies": {
    "@micro-os-plus/c-libs": {
      "version": "1.0.1",
      "resolved": "https://registry.npmjs.org/@micro-os-plus/c-libs/-/c-libs-1.0.1.tgz",
      "integrity": "sha512-imDZd0Us6CijMKtBrDC73NQ+MfhD9wBLodXu2HxqK+Psvi5KmBbP5bzVox2aFWuk72/8B4V3GmZ+4/Ihx0IVew=="
    },
    "@micro-os-plus/cpp-libs": {
      "version": "1.0.1",
      "resolved": "https://registry.npmjs.org/@micro-os-plus/cpp-libs/-/cpp-libs-1.0.1.tgz",
      "integrity": "sha512-hUKd7COIlHr67PRfgv22SGAZSRHN6GRTZcANeRvxtfJc86yEqpbylx6AayyePCckkwkmlADo2pFP6NWTQ6u2Cg=="
    },
    "@micro-os-plus/diag-trace": {
      "version": "1.0.1",
      "resolved": "https://registry.npmjs.org/@micro-os-plus/diag-trace/-/diag-trace-1.0.1.tgz",
      "integrity": "sha512-x6OyE5SlfBqlT/uQgHHrAm50aSAu/F20TX/aNRI/BZBDRXJ6zl2HwMcS0XBIJoL0AkCEbJNe/oSBSgDjtA6bMA=="
    },
    "@micro-os-plus/riscv-arch": {
      "version": "0.0.2",
      "resolved": "https://registry.npmjs.org/@micro-os-plus/riscv-arch/-/riscv-arch-0.0.2.tgz",
      "integrity": "sha512-T2kYFSqkzogZl0I+ppQZkPYlqzr2i/9lv/6mXJU+7oOGxbkXlExnrxT51hi8bRE8eJ+K4eZYdmbGGBGCxhOxfQ==",
      "requires": {
        "@micro-os-plus/startup": "1.0.1"
      }
    },
    "@micro-os-plus/startup": {
      "version": "1.0.1",
      "resolved": "https://registry.npmjs.org/@micro-os-plus/startup/-/startup-1.0.1.tgz",
      "integrity": "sha512-JtUXfDejj/3leM6YER+zE0wBLaBxuox40PLpiKy025aA/s4eYdeiTeT3R1p5da67WiXhacFeqFCqumPVZ2E5cw==",
      "requires": {
        "@micro-os-plus/c-libs": "1.0.1",
        "@micro-os-plus/cpp-libs": "1.0.1",
        "@micro-os-plus/diag-trace": "1.0.1"
      }
    },
    "@sifive/coreplex-arty-boards": {
      "version": "0.0.3",
      "resolved": "https://registry.npmjs.org/@sifive/coreplex-arty-boards/-/coreplex-arty-boards-0.0.3.tgz",
      "integrity": "sha512-DlPoaNqROTJ4ZZsEyi4JBX92+a3Ma3Ac5qiCTOINPbTtiuOzhM6qJfPkrmCHv2HN/2EuvKgFeaoEH7DDxKIBuQ==",
      "requires": {
        "@sifive/coreplex-devices": "0.0.3"
      }
    },
    "@sifive/coreplex-devices": {
      "version": "0.0.3",
      "resolved": "https://registry.npmjs.org/@sifive/coreplex-devices/-/coreplex-devices-0.0.3.tgz",
      "integrity": "sha512-8E6h0i+YKc0YCp9284YLInybdZz6nOCPicA9D1X1eQLWLVt7J0wTzbDHNV3iYqYQTdC9GprQPUC0ZsrkiAo4Mg==",
      "requires": {
        "@micro-os-plus/riscv-arch": "0.0.2"
      }
    },
    "@sifive/hifive1-board": {
      "version": "0.0.3",
      "resolved": "https://registry.npmjs.org/@sifive/hifive1-board/-/hifive1-board-0.0.3.tgz",
      "integrity": "sha512-Mcr2aR3l3bHOFMRabZQ3xpxHMmVotHR+TWIfgYp9OcA7X02mAW4oEb0M+HjA9jlvBDHC/QccCvs8LI012acoTQ==",
      "requires": {
        "@sifive/coreplex-devices": "0.0.3"
      }
    }
  }
}
