{
  "name": "@sifive/coreplex-templates",
  "version": "0.0.1",
  "lockfileVersion": 1,
  "requires": true,
  "dependencies": {
    "@sifive/coreplex-arty-boards": {
      "version": "0.0.2",
      "requires": {
        "@sifive/coreplex-devices": "0.0.2"
      },
      "dependencies": {
        "@sifive/coreplex-devices": {
          "version": "0.0.2",
          "bundled": true
        }
      }
    },
    "@sifive/hifive1-board": {
      "version": "0.0.2",
      "requires": {
        "@sifive/coreplex-devices": "0.0.2"
      },
      "dependencies": {
        "@sifive/coreplex-devices": {
          "version": "0.0.2",
          "bundled": true
        }
      }
    }
  }
}
